// !$*UTF8*$!
{
	archiveVersion = 1;
	classes = {
	};
	objectVersion = 56;
	objects = {

/* Begin PBXBuildFile section */
		3B4729DF29CBF61A009CE455 /* ApartmentCollectionViewCell.swift in Sources */ = {isa = PBXBuildFile; fileRef = 3B4729DE29CBF61A009CE455 /* ApartmentCollectionViewCell.swift */; };
		3B4729E129CBF64C009CE455 /* MainViewController.swift in Sources */ = {isa = PBXBuildFile; fileRef = 3B4729E029CBF64C009CE455 /* MainViewController.swift */; };
		3B4729E329CC0157009CE455 /* ApartmentTableViewCell.swift in Sources */ = {isa = PBXBuildFile; fileRef = 3B4729E229CC0157009CE455 /* ApartmentTableViewCell.swift */; };
		3B51C3C929CCDB4B004CEEE7 /* ComposeViewController.swift in Sources */ = {isa = PBXBuildFile; fileRef = 3B51C3C829CCDB4B004CEEE7 /* ComposeViewController.swift */; };
		3B51C3CB29CCDB99004CEEE7 /* User.swift in Sources */ = {isa = PBXBuildFile; fileRef = 3B51C3CA29CCDB99004CEEE7 /* User.swift */; };
		3B51C3CD29CCE285004CEEE7 /* LogInViewController.swift in Sources */ = {isa = PBXBuildFile; fileRef = 3B51C3CC29CCE285004CEEE7 /* LogInViewController.swift */; };
		3B51C3CF29CCE2B8004CEEE7 /* SignupViewController.swift in Sources */ = {isa = PBXBuildFile; fileRef = 3B51C3CE29CCE2B8004CEEE7 /* SignupViewController.swift */; };
		3B51C3D229CD3ED8004CEEE7 /* AlamofireImage in Frameworks */ = {isa = PBXBuildFile; productRef = 3B51C3D129CD3ED8004CEEE7 /* AlamofireImage */; };
		3B56A02229ECB9CA00531A63 /* SearchResultsViewController.swift in Sources */ = {isa = PBXBuildFile; fileRef = 3B56A02129ECB9CA00531A63 /* SearchResultsViewController.swift */; };
		3B56A02429ECD9CF00531A63 /* ProfileViewController.swift in Sources */ = {isa = PBXBuildFile; fileRef = 3B56A02329ECD9CF00531A63 /* ProfileViewController.swift */; };
		3B7458B729CA921400E80390 /* AppDelegate.swift in Sources */ = {isa = PBXBuildFile; fileRef = 3B7458B629CA921400E80390 /* AppDelegate.swift */; };
		3B7458B929CA921400E80390 /* SceneDelegate.swift in Sources */ = {isa = PBXBuildFile; fileRef = 3B7458B829CA921400E80390 /* SceneDelegate.swift */; };
		3B7458BB29CA921400E80390 /* ViewController.swift in Sources */ = {isa = PBXBuildFile; fileRef = 3B7458BA29CA921400E80390 /* ViewController.swift */; };
		3B7458BE29CA921400E80390 /* Main.storyboard in Resources */ = {isa = PBXBuildFile; fileRef = 3B7458BC29CA921400E80390 /* Main.storyboard */; };
		3B7458C029CA921600E80390 /* Assets.xcassets in Resources */ = {isa = PBXBuildFile; fileRef = 3B7458BF29CA921600E80390 /* Assets.xcassets */; };
		3B7458C329CA921600E80390 /* LaunchScreen.storyboard in Resources */ = {isa = PBXBuildFile; fileRef = 3B7458C129CA921600E80390 /* LaunchScreen.storyboard */; };
		3B7458CC29CAA4E600E80390 /* ParseSwift in Frameworks */ = {isa = PBXBuildFile; productRef = 3B7458CB29CAA4E600E80390 /* ParseSwift */; };
		3B7458CE29CAA75800E80390 /* ApartmentsList.swift in Sources */ = {isa = PBXBuildFile; fileRef = 3B7458CD29CAA75800E80390 /* ApartmentsList.swift */; };
		3B7458D029CB6BD900E80390 /* CollectionViewController.swift in Sources */ = {isa = PBXBuildFile; fileRef = 3B7458CF29CB6BD900E80390 /* CollectionViewController.swift */; };
		3B7458D229CB6C0500E80390 /* CollectionViewCell.swift in Sources */ = {isa = PBXBuildFile; fileRef = 3B7458D129CB6C0500E80390 /* CollectionViewCell.swift */; };
		3B7458D629CB75B900E80390 /* Nuke in Frameworks */ = {isa = PBXBuildFile; productRef = 3B7458D529CB75B900E80390 /* Nuke */; };
		3B7458DC29CB8D8F00E80390 /* UserCollectionViewCell.swift in Sources */ = {isa = PBXBuildFile; fileRef = 3B7458DB29CB8D8F00E80390 /* UserCollectionViewCell.swift */; };
/* End PBXBuildFile section */

/* Begin PBXFileReference section */
		3B4729DE29CBF61A009CE455 /* ApartmentCollectionViewCell.swift */ = {isa = PBXFileReference; lastKnownFileType = sourcecode.swift; path = ApartmentCollectionViewCell.swift; sourceTree = "<group>"; };
		3B4729E029CBF64C009CE455 /* MainViewController.swift */ = {isa = PBXFileReference; lastKnownFileType = sourcecode.swift; path = MainViewController.swift; sourceTree = "<group>"; };
		3B4729E229CC0157009CE455 /* ApartmentTableViewCell.swift */ = {isa = PBXFileReference; lastKnownFileType = sourcecode.swift; path = ApartmentTableViewCell.swift; sourceTree = "<group>"; };
		3B51C3C829CCDB4B004CEEE7 /* ComposeViewController.swift */ = {isa = PBXFileReference; fileEncoding = 4; lastKnownFileType = sourcecode.swift; path = ComposeViewController.swift; sourceTree = "<group>"; };
		3B51C3CA29CCDB99004CEEE7 /* User.swift */ = {isa = PBXFileReference; fileEncoding = 4; lastKnownFileType = sourcecode.swift; path = User.swift; sourceTree = "<group>"; };
		3B51C3CC29CCE285004CEEE7 /* LogInViewController.swift */ = {isa = PBXFileReference; fileEncoding = 4; lastKnownFileType = sourcecode.swift; path = LogInViewController.swift; sourceTree = "<group>"; };
		3B51C3CE29CCE2B8004CEEE7 /* SignupViewController.swift */ = {isa = PBXFileReference; fileEncoding = 4; lastKnownFileType = sourcecode.swift; path = SignupViewController.swift; sourceTree = "<group>"; };
		3B56A02129ECB9CA00531A63 /* SearchResultsViewController.swift */ = {isa = PBXFileReference; lastKnownFileType = sourcecode.swift; path = SearchResultsViewController.swift; sourceTree = "<group>"; };
		3B56A02329ECD9CF00531A63 /* ProfileViewController.swift */ = {isa = PBXFileReference; lastKnownFileType = sourcecode.swift; path = ProfileViewController.swift; sourceTree = "<group>"; };
		3B7458B329CA921400E80390 /* HouseBook.app */ = {isa = PBXFileReference; explicitFileType = wrapper.application; includeInIndex = 0; path = HouseBook.app; sourceTree = BUILT_PRODUCTS_DIR; };
		3B7458B629CA921400E80390 /* AppDelegate.swift */ = {isa = PBXFileReference; lastKnownFileType = sourcecode.swift; path = AppDelegate.swift; sourceTree = "<group>"; };
		3B7458B829CA921400E80390 /* SceneDelegate.swift */ = {isa = PBXFileReference; lastKnownFileType = sourcecode.swift; path = SceneDelegate.swift; sourceTree = "<group>"; };
		3B7458BA29CA921400E80390 /* ViewController.swift */ = {isa = PBXFileReference; lastKnownFileType = sourcecode.swift; path = ViewController.swift; sourceTree = "<group>"; };
		3B7458BD29CA921400E80390 /* Base */ = {isa = PBXFileReference; lastKnownFileType = file.storyboard; name = Base; path = Base.lproj/Main.storyboard; sourceTree = "<group>"; };
		3B7458BF29CA921600E80390 /* Assets.xcassets */ = {isa = PBXFileReference; lastKnownFileType = folder.assetcatalog; path = Assets.xcassets; sourceTree = "<group>"; };
		3B7458C229CA921600E80390 /* Base */ = {isa = PBXFileReference; lastKnownFileType = file.storyboard; name = Base; path = Base.lproj/LaunchScreen.storyboard; sourceTree = "<group>"; };
		3B7458C429CA921600E80390 /* Info.plist */ = {isa = PBXFileReference; lastKnownFileType = text.plist.xml; path = Info.plist; sourceTree = "<group>"; };
		3B7458CD29CAA75800E80390 /* ApartmentsList.swift */ = {isa = PBXFileReference; lastKnownFileType = sourcecode.swift; path = ApartmentsList.swift; sourceTree = "<group>"; };
		3B7458CF29CB6BD900E80390 /* CollectionViewController.swift */ = {isa = PBXFileReference; lastKnownFileType = sourcecode.swift; path = CollectionViewController.swift; sourceTree = "<group>"; };
		3B7458D129CB6C0500E80390 /* CollectionViewCell.swift */ = {isa = PBXFileReference; lastKnownFileType = sourcecode.swift; path = CollectionViewCell.swift; sourceTree = "<group>"; };
		3B7458DB29CB8D8F00E80390 /* UserCollectionViewCell.swift */ = {isa = PBXFileReference; lastKnownFileType = sourcecode.swift; path = UserCollectionViewCell.swift; sourceTree = "<group>"; };
/* End PBXFileReference section */

/* Begin PBXFrameworksBuildPhase section */
		3B7458B029CA921400E80390 /* Frameworks */ = {
			isa = PBXFrameworksBuildPhase;
			buildActionMask = 2147483647;
			files = (
				3B7458CC29CAA4E600E80390 /* ParseSwift in Frameworks */,
				3B7458D629CB75B900E80390 /* Nuke in Frameworks */,
				3B51C3D229CD3ED8004CEEE7 /* AlamofireImage in Frameworks */,
			);
			runOnlyForDeploymentPostprocessing = 0;
		};
/* End PBXFrameworksBuildPhase section */

/* Begin PBXGroup section */
		3B7458AA29CA921400E80390 = {
			isa = PBXGroup;
			children = (
				3B7458B529CA921400E80390 /* HouseBook */,
				3B7458B429CA921400E80390 /* Products */,
			);
			sourceTree = "<group>";
		};
		3B7458B429CA921400E80390 /* Products */ = {
			isa = PBXGroup;
			children = (
				3B7458B329CA921400E80390 /* HouseBook.app */,
			);
			name = Products;
			sourceTree = "<group>";
		};
		3B7458B529CA921400E80390 /* HouseBook */ = {
			isa = PBXGroup;
			children = (
				3B7458B629CA921400E80390 /* AppDelegate.swift */,
				3B56A02329ECD9CF00531A63 /* ProfileViewController.swift */,
				3B51C3C829CCDB4B004CEEE7 /* ComposeViewController.swift */,
				3B7458CD29CAA75800E80390 /* ApartmentsList.swift */,
				3B7458B829CA921400E80390 /* SceneDelegate.swift */,
				3B51C3CE29CCE2B8004CEEE7 /* SignupViewController.swift */,
				3B7458BA29CA921400E80390 /* ViewController.swift */,
				3B7458BC29CA921400E80390 /* Main.storyboard */,
				3B56A02129ECB9CA00531A63 /* SearchResultsViewController.swift */,
				3B51C3CC29CCE285004CEEE7 /* LogInViewController.swift */,
				3B4729E229CC0157009CE455 /* ApartmentTableViewCell.swift */,
				3B51C3CA29CCDB99004CEEE7 /* User.swift */,
				3B4729E029CBF64C009CE455 /* MainViewController.swift */,
				3B4729DE29CBF61A009CE455 /* ApartmentCollectionViewCell.swift */,
				3B7458D129CB6C0500E80390 /* CollectionViewCell.swift */,
				3B7458DB29CB8D8F00E80390 /* UserCollectionViewCell.swift */,
				3B7458CF29CB6BD900E80390 /* CollectionViewController.swift */,
				3B7458BF29CA921600E80390 /* Assets.xcassets */,
				3B7458C129CA921600E80390 /* LaunchScreen.storyboard */,
				3B7458C429CA921600E80390 /* Info.plist */,
			);
			path = HouseBook;
			sourceTree = "<group>";
		};
/* End PBXGroup section */

/* Begin PBXNativeTarget section */
		3B7458B229CA921400E80390 /* HouseBook */ = {
			isa = PBXNativeTarget;
			buildConfigurationList = 3B7458C729CA921600E80390 /* Build configuration list for PBXNativeTarget "HouseBook" */;
			buildPhases = (
				3B7458AF29CA921400E80390 /* Sources */,
				3B7458B029CA921400E80390 /* Frameworks */,
				3B7458B129CA921400E80390 /* Resources */,
			);
			buildRules = (
			);
			dependencies = (
			);
			name = HouseBook;
			packageProductDependencies = (
				3B7458CB29CAA4E600E80390 /* ParseSwift */,
				3B7458D529CB75B900E80390 /* Nuke */,
				3B51C3D129CD3ED8004CEEE7 /* AlamofireImage */,
			);
			productName = HouseBook;
			productReference = 3B7458B329CA921400E80390 /* HouseBook.app */;
			productType = "com.apple.product-type.application";
		};
/* End PBXNativeTarget section */

/* Begin PBXProject section */
		3B7458AB29CA921400E80390 /* Project object */ = {
			isa = PBXProject;
			attributes = {
				BuildIndependentTargetsInParallel = 1;
				LastSwiftUpdateCheck = 1420;
				LastUpgradeCheck = 1420;
				TargetAttributes = {
					3B7458B229CA921400E80390 = {
						CreatedOnToolsVersion = 14.2;
					};
				};
			};
			buildConfigurationList = 3B7458AE29CA921400E80390 /* Build configuration list for PBXProject "HouseBook" */;
			compatibilityVersion = "Xcode 14.0";
			developmentRegion = en;
			hasScannedForEncodings = 0;
			knownRegions = (
				en,
				Base,
			);
			mainGroup = 3B7458AA29CA921400E80390;
			packageReferences = (
				3B7458CA29CAA4E600E80390 /* XCRemoteSwiftPackageReference "Parse-Swift" */,
				3B7458D429CB75B900E80390 /* XCRemoteSwiftPackageReference "Nuke" */,
				3B51C3D029CD3ED8004CEEE7 /* XCRemoteSwiftPackageReference "AlamofireImage" */,
			);
			productRefGroup = 3B7458B429CA921400E80390 /* Products */;
			projectDirPath = "";
			projectRoot = "";
			targets = (
				3B7458B229CA921400E80390 /* HouseBook */,
			);
		};
/* End PBXProject section */

/* Begin PBXResourcesBuildPhase section */
		3B7458B129CA921400E80390 /* Resources */ = {
			isa = PBXResourcesBuildPhase;
			buildActionMask = 2147483647;
			files = (
				3B7458C329CA921600E80390 /* LaunchScreen.storyboard in Resources */,
				3B7458C029CA921600E80390 /* Assets.xcassets in Resources */,
				3B7458BE29CA921400E80390 /* Main.storyboard in Resources */,
			);
			runOnlyForDeploymentPostprocessing = 0;
		};
/* End PBXResourcesBuildPhase section */

/* Begin PBXSourcesBuildPhase section */
		3B7458AF29CA921400E80390 /* Sources */ = {
			isa = PBXSourcesBuildPhase;
			buildActionMask = 2147483647;
			files = (
				3B7458BB29CA921400E80390 /* ViewController.swift in Sources */,
				3B7458B729CA921400E80390 /* AppDelegate.swift in Sources */,
				3B7458D229CB6C0500E80390 /* CollectionViewCell.swift in Sources */,
				3B7458CE29CAA75800E80390 /* ApartmentsList.swift in Sources */,
				3B56A02229ECB9CA00531A63 /* SearchResultsViewController.swift in Sources */,
				3B7458B929CA921400E80390 /* SceneDelegate.swift in Sources */,
				3B56A02429ECD9CF00531A63 /* ProfileViewController.swift in Sources */,
				3B4729DF29CBF61A009CE455 /* ApartmentCollectionViewCell.swift in Sources */,
				3B51C3CD29CCE285004CEEE7 /* LogInViewController.swift in Sources */,
				3B51C3C929CCDB4B004CEEE7 /* ComposeViewController.swift in Sources */,
				3B51C3CF29CCE2B8004CEEE7 /* SignupViewController.swift in Sources */,
				3B4729E129CBF64C009CE455 /* MainViewController.swift in Sources */,
				3B51C3CB29CCDB99004CEEE7 /* User.swift in Sources */,
				3B7458DC29CB8D8F00E80390 /* UserCollectionViewCell.swift in Sources */,
				3B4729E329CC0157009CE455 /* ApartmentTableViewCell.swift in Sources */,
				3B7458D029CB6BD900E80390 /* CollectionViewController.swift in Sources */,
			);
			runOnlyForDeploymentPostprocessing = 0;
		};
/* End PBXSourcesBuildPhase section */

/* Begin PBXVariantGroup section */
		3B7458BC29CA921400E80390 /* Main.storyboard */ = {
			isa = PBXVariantGroup;
			children = (
				3B7458BD29CA921400E80390 /* Base */,
			);
			name = Main.storyboard;
			sourceTree = "<group>";
		};
		3B7458C129CA921600E80390 /* LaunchScreen.storyboard */ = {
			isa = PBXVariantGroup;
			children = (
				3B7458C229CA921600E80390 /* Base */,
			);
			name = LaunchScreen.storyboard;
			sourceTree = "<group>";
		};
/* End PBXVariantGroup section */

/* Begin XCBuildConfiguration section */
		3B7458C529CA921600E80390 /* Debug */ = {
			isa = XCBuildConfiguration;
			buildSettings = {
				ALWAYS_SEARCH_USER_PATHS = NO;
				CLANG_ANALYZER_NONNULL = YES;
				CLANG_ANALYZER_NUMBER_OBJECT_CONVERSION = YES_AGGRESSIVE;
				CLANG_CXX_LANGUAGE_STANDARD = "gnu++20";
				CLANG_ENABLE_MODULES = YES;
				CLANG_ENABLE_OBJC_ARC = YES;
				CLANG_ENABLE_OBJC_WEAK = YES;
				CLANG_WARN_BLOCK_CAPTURE_AUTORELEASING = YES;
				CLANG_WARN_BOOL_CONVERSION = YES;
				CLANG_WARN_COMMA = YES;
				CLANG_WARN_CONSTANT_CONVERSION = YES;
				CLANG_WARN_DEPRECATED_OBJC_IMPLEMENTATIONS = YES;
				CLANG_WARN_DIRECT_OBJC_ISA_USAGE = YES_ERROR;
				CLANG_WARN_DOCUMENTATION_COMMENTS = YES;
				CLANG_WARN_EMPTY_BODY = YES;
				CLANG_WARN_ENUM_CONVERSION = YES;
				CLANG_WARN_INFINITE_RECURSION = YES;
				CLANG_WARN_INT_CONVERSION = YES;
				CLANG_WARN_NON_LITERAL_NULL_CONVERSION = YES;
				CLANG_WARN_OBJC_IMPLICIT_RETAIN_SELF = YES;
				CLANG_WARN_OBJC_LITERAL_CONVERSION = YES;
				CLANG_WARN_OBJC_ROOT_CLASS = YES_ERROR;
				CLANG_WARN_QUOTED_INCLUDE_IN_FRAMEWORK_HEADER = YES;
				CLANG_WARN_RANGE_LOOP_ANALYSIS = YES;
				CLANG_WARN_STRICT_PROTOTYPES = YES;
				CLANG_WARN_SUSPICIOUS_MOVE = YES;
				CLANG_WARN_UNGUARDED_AVAILABILITY = YES_AGGRESSIVE;
				CLANG_WARN_UNREACHABLE_CODE = YES;
				CLANG_WARN__DUPLICATE_METHOD_MATCH = YES;
				COPY_PHASE_STRIP = NO;
				DEBUG_INFORMATION_FORMAT = dwarf;
				ENABLE_STRICT_OBJC_MSGSEND = YES;
				ENABLE_TESTABILITY = YES;
				GCC_C_LANGUAGE_STANDARD = gnu11;
				GCC_DYNAMIC_NO_PIC = NO;
				GCC_NO_COMMON_BLOCKS = YES;
				GCC_OPTIMIZATION_LEVEL = 0;
				GCC_PREPROCESSOR_DEFINITIONS = (
					"DEBUG=1",
					"$(inherited)",
				);
				GCC_WARN_64_TO_32_BIT_CONVERSION = YES;
				GCC_WARN_ABOUT_RETURN_TYPE = YES_ERROR;
				GCC_WARN_UNDECLARED_SELECTOR = YES;
				GCC_WARN_UNINITIALIZED_AUTOS = YES_AGGRESSIVE;
				GCC_WARN_UNUSED_FUNCTION = YES;
				GCC_WARN_UNUSED_VARIABLE = YES;
				IPHONEOS_DEPLOYMENT_TARGET = 16.2;
				MTL_ENABLE_DEBUG_INFO = INCLUDE_SOURCE;
				MTL_FAST_MATH = YES;
				ONLY_ACTIVE_ARCH = YES;
				SDKROOT = iphoneos;
				SWIFT_ACTIVE_COMPILATION_CONDITIONS = DEBUG;
				SWIFT_OPTIMIZATION_LEVEL = "-Onone";
			};
			name = Debug;
		};
		3B7458C629CA921600E80390 /* Release */ = {
			isa = XCBuildConfiguration;
			buildSettings = {
				ALWAYS_SEARCH_USER_PATHS = NO;
				CLANG_ANALYZER_NONNULL = YES;
				CLANG_ANALYZER_NUMBER_OBJECT_CONVERSION = YES_AGGRESSIVE;
				CLANG_CXX_LANGUAGE_STANDARD = "gnu++20";
				CLANG_ENABLE_MODULES = YES;
				CLANG_ENABLE_OBJC_ARC = YES;
				CLANG_ENABLE_OBJC_WEAK = YES;
				CLANG_WARN_BLOCK_CAPTURE_AUTORELEASING = YES;
				CLANG_WARN_BOOL_CONVERSION = YES;
				CLANG_WARN_COMMA = YES;
				CLANG_WARN_CONSTANT_CONVERSION = YES;
				CLANG_WARN_DEPRECATED_OBJC_IMPLEMENTATIONS = YES;
				CLANG_WARN_DIRECT_OBJC_ISA_USAGE = YES_ERROR;
				CLANG_WARN_DOCUMENTATION_COMMENTS = YES;
				CLANG_WARN_EMPTY_BODY = YES;
				CLANG_WARN_ENUM_CONVERSION = YES;
				CLANG_WARN_INFINITE_RECURSION = YES;
				CLANG_WARN_INT_CONVERSION = YES;
				CLANG_WARN_NON_LITERAL_NULL_CONVERSION = YES;
				CLANG_WARN_OBJC_IMPLICIT_RETAIN_SELF = YES;
				CLANG_WARN_OBJC_LITERAL_CONVERSION = YES;
				CLANG_WARN_OBJC_ROOT_CLASS = YES_ERROR;
				CLANG_WARN_QUOTED_INCLUDE_IN_FRAMEWORK_HEADER = YES;
				CLANG_WARN_RANGE_LOOP_ANALYSIS = YES;
				CLANG_WARN_STRICT_PROTOTYPES = YES;
				CLANG_WARN_SUSPICIOUS_MOVE = YES;
				CLANG_WARN_UNGUARDED_AVAILABILITY = YES_AGGRESSIVE;
				CLANG_WARN_UNREACHABLE_CODE = YES;
				CLANG_WARN__DUPLICATE_METHOD_MATCH = YES;
				COPY_PHASE_STRIP = NO;
				DEBUG_INFORMATION_FORMAT = "dwarf-with-dsym";
				ENABLE_NS_ASSERTIONS = NO;
				ENABLE_STRICT_OBJC_MSGSEND = YES;
				GCC_C_LANGUAGE_STANDARD = gnu11;
				GCC_NO_COMMON_BLOCKS = YES;
				GCC_WARN_64_TO_32_BIT_CONVERSION = YES;
				GCC_WARN_ABOUT_RETURN_TYPE = YES_ERROR;
				GCC_WARN_UNDECLARED_SELECTOR = YES;
				GCC_WARN_UNINITIALIZED_AUTOS = YES_AGGRESSIVE;
				GCC_WARN_UNUSED_FUNCTION = YES;
				GCC_WARN_UNUSED_VARIABLE = YES;
				IPHONEOS_DEPLOYMENT_TARGET = 16.2;
				MTL_ENABLE_DEBUG_INFO = NO;
				MTL_FAST_MATH = YES;
				SDKROOT = iphoneos;
				SWIFT_COMPILATION_MODE = wholemodule;
				SWIFT_OPTIMIZATION_LEVEL = "-O";
				VALIDATE_PRODUCT = YES;
			};
			name = Release;
		};
		3B7458C829CA921600E80390 /* Debug */ = {
			isa = XCBuildConfiguration;
			buildSettings = {
				ASSETCATALOG_COMPILER_APPICON_NAME = AppIcon;
				ASSETCATALOG_COMPILER_GLOBAL_ACCENT_COLOR_NAME = AccentColor;
				CODE_SIGN_STYLE = Automatic;
				CURRENT_PROJECT_VERSION = 1;
				DEVELOPMENT_TEAM = 62H7DGCLJQ;
				GENERATE_INFOPLIST_FILE = YES;
				INFOPLIST_FILE = HouseBook/Info.plist;
				INFOPLIST_KEY_UIApplicationSupportsIndirectInputEvents = YES;
				INFOPLIST_KEY_UILaunchStoryboardName = LaunchScreen;
				INFOPLIST_KEY_UIMainStoryboardFile = Main;
				INFOPLIST_KEY_UISupportedInterfaceOrientations_iPad = "UIInterfaceOrientationPortrait UIInterfaceOrientationPortraitUpsideDown UIInterfaceOrientationLandscapeLeft UIInterfaceOrientationLandscapeRight";
				INFOPLIST_KEY_UISupportedInterfaceOrientations_iPhone = "UIInterfaceOrientationPortrait UIInterfaceOrientationLandscapeLeft UIInterfaceOrientationLandscapeRight";
				LD_RUNPATH_SEARCH_PATHS = (
					"$(inherited)",
					"@executable_path/Frameworks",
				);
				MARKETING_VERSION = 1.0;
				PRODUCT_BUNDLE_IDENTIFIER = com.ujjwaladhikari.HouseBook;
				PRODUCT_NAME = "$(TARGET_NAME)";
				SWIFT_EMIT_LOC_STRINGS = YES;
				SWIFT_VERSION = 5.0;
				TARGETED_DEVICE_FAMILY = "1,2";
			};
			name = Debug;
		};
		3B7458C929CA921600E80390 /* Release */ = {
			isa = XCBuildConfiguration;
			buildSettings = {
				ASSETCATALOG_COMPILER_APPICON_NAME = AppIcon;
				ASSETCATALOG_COMPILER_GLOBAL_ACCENT_COLOR_NAME = AccentColor;
				CODE_SIGN_STYLE = Automatic;
				CURRENT_PROJECT_VERSION = 1;
				DEVELOPMENT_TEAM = 62H7DGCLJQ;
				GENERATE_INFOPLIST_FILE = YES;
				INFOPLIST_FILE = HouseBook/Info.plist;
				INFOPLIST_KEY_UIApplicationSupportsIndirectInputEvents = YES;
				INFOPLIST_KEY_UILaunchStoryboardName = LaunchScreen;
				INFOPLIST_KEY_UIMainStoryboardFile = Main;
				INFOPLIST_KEY_UISupportedInterfaceOrientations_iPad = "UIInterfaceOrientationPortrait UIInterfaceOrientationPortraitUpsideDown UIInterfaceOrientationLandscapeLeft UIInterfaceOrientationLandscapeRight";
				INFOPLIST_KEY_UISupportedInterfaceOrientations_iPhone = "UIInterfaceOrientationPortrait UIInterfaceOrientationLandscapeLeft UIInterfaceOrientationLandscapeRight";
				LD_RUNPATH_SEARCH_PATHS = (
					"$(inherited)",
					"@executable_path/Frameworks",
				);
				MARKETING_VERSION = 1.0;
				PRODUCT_BUNDLE_IDENTIFIER = com.ujjwaladhikari.HouseBook;
				PRODUCT_NAME = "$(TARGET_NAME)";
				SWIFT_EMIT_LOC_STRINGS = YES;
				SWIFT_VERSION = 5.0;
				TARGETED_DEVICE_FAMILY = "1,2";
			};
			name = Release;
		};
/* End XCBuildConfiguration section */

/* Begin XCConfigurationList section */
		3B7458AE29CA921400E80390 /* Build configuration list for PBXProject "HouseBook" */ = {
			isa = XCConfigurationList;
			buildConfigurations = (
				3B7458C529CA921600E80390 /* Debug */,
				3B7458C629CA921600E80390 /* Release */,
			);
			defaultConfigurationIsVisible = 0;
			defaultConfigurationName = Release;
		};
		3B7458C729CA921600E80390 /* Build configuration list for PBXNativeTarget "HouseBook" */ = {
			isa = XCConfigurationList;
			buildConfigurations = (
				3B7458C829CA921600E80390 /* Debug */,
				3B7458C929CA921600E80390 /* Release */,
			);
			defaultConfigurationIsVisible = 0;
			defaultConfigurationName = Release;
		};
/* End XCConfigurationList section */

/* Begin XCRemoteSwiftPackageReference section */
		3B51C3D029CD3ED8004CEEE7 /* XCRemoteSwiftPackageReference "AlamofireImage" */ = {
			isa = XCRemoteSwiftPackageReference;
			repositoryURL = "https://github.com/Alamofire/AlamofireImage.git";
			requirement = {
				branch = master;
				kind = branch;
			};
		};
		3B7458CA29CAA4E600E80390 /* XCRemoteSwiftPackageReference "Parse-Swift" */ = {
			isa = XCRemoteSwiftPackageReference;
			repositoryURL = "https://github.com/parse-community/Parse-Swift.git";
			requirement = {
				kind = upToNextMajorVersion;
				minimumVersion = 4.0.0;
			};
		};
		3B7458D429CB75B900E80390 /* XCRemoteSwiftPackageReference "Nuke" */ = {
			isa = XCRemoteSwiftPackageReference;
			repositoryURL = "https://github.com/kean/Nuke.git";
			requirement = {
				kind = upToNextMajorVersion;
				minimumVersion = 9.0.0;
			};
		};
/* End XCRemoteSwiftPackageReference section */

/* Begin XCSwiftPackageProductDependency section */
		3B51C3D129CD3ED8004CEEE7 /* AlamofireImage */ = {
			isa = XCSwiftPackageProductDependency;
			package = 3B51C3D029CD3ED8004CEEE7 /* XCRemoteSwiftPackageReference "AlamofireImage" */;
			productName = AlamofireImage;
		};
		3B7458CB29CAA4E600E80390 /* ParseSwift */ = {
			isa = XCSwiftPackageProductDependency;
			package = 3B7458CA29CAA4E600E80390 /* XCRemoteSwiftPackageReference "Parse-Swift" */;
			productName = ParseSwift;
		};
		3B7458D529CB75B900E80390 /* Nuke */ = {
			isa = XCSwiftPackageProductDependency;
			package = 3B7458D429CB75B900E80390 /* XCRemoteSwiftPackageReference "Nuke" */;
			productName = Nuke;
		};
/* End XCSwiftPackageProductDependency section */
	};
	rootObject = 3B7458AB29CA921400E80390 /* Project object */;
}
